// !$*UTF8*$!
{
	archiveVersion = 1;
	classes = {
	};
	objectVersion = 50;
	objects = {

/* Begin PBXGroup section */
		3E8FC35D2AC314CD002C2371 = {
			isa = PBXGroup;
			children = (
			);
			sourceTree = "<group>";
		};
/* End PBXGroup section */

/* Begin PBXProject section */
		3E8FC35E2AC314CD002C2371 /* Project object */ = {
			isa = PBXProject;
			attributes = {
				LastUpgradeCheck = 1240;
			};
			buildConfigurationList = 3E8FC3612AC314CD002C2371 /* Build configuration list for PBXProject "Homework #1" */;
			compatibilityVersion = "Xcode 9.3";
			developmentRegion = en;
			hasScannedForEncodings = 0;
			knownRegions = (
				en,
				Base,
			);
			mainGroup = 3E8FC35D2AC314CD002C2371;
			projectDirPath = "";
			projectRoot = "";
			targets = (
			);
		};
/* End PBXProject section */

/* Begin XCBuildConfiguration section */
		3E8FC3622AC314CD002C2371 /* Debug */ = {
			isa = XCBuildConfiguration;
			buildSettings = {
			};
			name = Debug;
		};
		3E8FC3632AC314CD002C2371 /* Release */ = {
			isa = XCBuildConfiguration;
			buildSettings = {
			};
			name = Release;
		};
/* End XCBuildConfiguration section */

/* Begin XCConfigurationList section */
		3E8FC3612AC314CD002C2371 /* Build configuration list for PBXProject "Homework #1" */ = {
			isa = XCConfigurationList;
			buildConfigurations = (
				3E8FC3622AC314CD002C2371 /* Debug */,
				3E8FC3632AC314CD002C2371 /* Release */,
			);
			defaultConfigurationIsVisible = 0;
			defaultConfigurationName = Release;
		};
/* End XCConfigurationList section */
	};
	rootObject = 3E8FC35E2AC314CD002C2371 /* Project object */;
}
